
Microsoft Visual Studio Solution File, Format Version 12.00
# Visual Studio for Mac
Project("{FAE04EC0-301F-11D3-BF4B-00C04F79EFBC}") = "Particles and Shaders", "Particles and Shaders.csproj", "{BEB61B0C-73B4-D56B-49D2-C79AC6698B1D}"
EndProject
Global
	GlobalSection(SolutionConfigurationPlatforms) = preSolution
		Debug|Any CPU = Debug|Any CPU
		Release|Any CPU = Release|Any CPU
	EndGlobalSection
	GlobalSection(ProjectConfigurationPlatforms) = postSolution
		{BEB61B0C-73B4-D56B-49D2-C79AC6698B1D}.Debug|Any CPU.ActiveCfg = Debug|Any CPU
		{BEB61B0C-73B4-D56B-49D2-C79AC6698B1D}.Debug|Any CPU.Build.0 = Debug|Any CPU
		{BEB61B0C-73B4-D56B-49D2-C79AC6698B1D}.Release|Any CPU.ActiveCfg = Release|Any CPU
		{BEB61B0C-73B4-D56B-49D2-C79AC6698B1D}.Release|Any CPU.Build.0 = Release|Any CPU
	EndGlobalSection
	GlobalSection(SolutionProperties) = preSolution
		HideSolutionNode = FALSE
	EndGlobalSection
EndGlobal
